// !$*UTF8*$!
{
	archiveVersion = 1;
	classes = {
	};
	objectVersion = 50;
	objects = {

/* Begin PBXBuildFile section */
		556DA7A024CDCC4D000B81CE /* AppDelegate.swift in Sources */ = {isa = PBXBuildFile; fileRef = 556DA79F24CDCC4D000B81CE /* AppDelegate.swift */; };
		556DA7A224CDCC4D000B81CE /* SceneDelegate.swift in Sources */ = {isa = PBXBuildFile; fileRef = 556DA7A124CDCC4D000B81CE /* SceneDelegate.swift */; };
		556DA7A424CDCC4D000B81CE /* ContentView.swift in Sources */ = {isa = PBXBuildFile; fileRef = 556DA7A324CDCC4D000B81CE /* ContentView.swift */; };
		556DA7A624CDCC51000B81CE /* Assets.xcassets in Resources */ = {isa = PBXBuildFile; fileRef = 556DA7A524CDCC51000B81CE /* Assets.xcassets */; };
		556DA7A924CDCC51000B81CE /* Preview Assets.xcassets in Resources */ = {isa = PBXBuildFile; fileRef = 556DA7A824CDCC51000B81CE /* Preview Assets.xcassets */; };
		556DA7AC24CDCC51000B81CE /* LaunchScreen.storyboard in Resources */ = {isa = PBXBuildFile; fileRef = 556DA7AA24CDCC51000B81CE /* LaunchScreen.storyboard */; };
		556DA7BB24CDD888000B81CE /* CoinServices.swift in Sources */ = {isa = PBXBuildFile; fileRef = 556DA7BA24CDD888000B81CE /* CoinServices.swift */; };
		556DA7BD24CDDB29000B81CE /* CoinResponse.swift in Sources */ = {isa = PBXBuildFile; fileRef = 556DA7BC24CDDB29000B81CE /* CoinResponse.swift */; };
		556DA7BF24CDDB5B000B81CE /* CoinData.swift in Sources */ = {isa = PBXBuildFile; fileRef = 556DA7BE24CDDB5B000B81CE /* CoinData.swift */; };
		556DA7C124CDDB74000B81CE /* Coin.swift in Sources */ = {isa = PBXBuildFile; fileRef = 556DA7C024CDDB74000B81CE /* Coin.swift */; };
		556DA7C324CDDD0F000B81CE /* CoinViewModel.swift in Sources */ = {isa = PBXBuildFile; fileRef = 556DA7C224CDDD0F000B81CE /* CoinViewModel.swift */; };
		556DA7C524CDDD2A000B81CE /* CoinListViewModel.swift in Sources */ = {isa = PBXBuildFile; fileRef = 556DA7C424CDDD2A000B81CE /* CoinListViewModel.swift */; };
		556DA7C724CDE0F0000B81CE /* Color+Extensions.swift in Sources */ = {isa = PBXBuildFile; fileRef = 556DA7C624CDE0F0000B81CE /* Color+Extensions.swift */; };
		556DA7C924CDE3A2000B81CE /* Double+Extensions.swift in Sources */ = {isa = PBXBuildFile; fileRef = 556DA7C824CDE3A2000B81CE /* Double+Extensions.swift */; };
		556DA7CB24CDE8D4000B81CE /* NeumorphicShadow.swift in Sources */ = {isa = PBXBuildFile; fileRef = 556DA7CA24CDE8D4000B81CE /* NeumorphicShadow.swift */; };
		556DA7CD24CDE99B000B81CE /* LineGraph.swift in Sources */ = {isa = PBXBuildFile; fileRef = 556DA7CC24CDE99B000B81CE /* LineGraph.swift */; };
		556DA7CF24CDFD28000B81CE /* GraphView.swift in Sources */ = {isa = PBXBuildFile; fileRef = 556DA7CE24CDFD28000B81CE /* GraphView.swift */; };
		556DA7D124CDFEA5000B81CE /* CoinCell.swift in Sources */ = {isa = PBXBuildFile; fileRef = 556DA7D024CDFEA5000B81CE /* CoinCell.swift */; };
/* End PBXBuildFile section */

/* Begin PBXFileReference section */
		556DA79C24CDCC4D000B81CE /* CoinTracker.app */ = {isa = PBXFileReference; explicitFileType = wrapper.application; includeInIndex = 0; path = CoinTracker.app; sourceTree = BUILT_PRODUCTS_DIR; };
		556DA79F24CDCC4D000B81CE /* AppDelegate.swift */ = {isa = PBXFileReference; lastKnownFileType = sourcecode.swift; path = AppDelegate.swift; sourceTree = "<group>"; };
		556DA7A124CDCC4D000B81CE /* SceneDelegate.swift */ = {isa = PBXFileReference; lastKnownFileType = sourcecode.swift; path = SceneDelegate.swift; sourceTree = "<group>"; };
		556DA7A324CDCC4D000B81CE /* ContentView.swift */ = {isa = PBXFileReference; lastKnownFileType = sourcecode.swift; path = ContentView.swift; sourceTree = "<group>"; };
		556DA7A524CDCC51000B81CE /* Assets.xcassets */ = {isa = PBXFileReference; lastKnownFileType = folder.assetcatalog; path = Assets.xcassets; sourceTree = "<group>"; };
		556DA7A824CDCC51000B81CE /* Preview Assets.xcassets */ = {isa = PBXFileReference; lastKnownFileType = folder.assetcatalog; path = "Preview Assets.xcassets"; sourceTree = "<group>"; };
		556DA7AB24CDCC51000B81CE /* Base */ = {isa = PBXFileReference; lastKnownFileType = file.storyboard; name = Base; path = Base.lproj/LaunchScreen.storyboard; sourceTree = "<group>"; };
		556DA7AD24CDCC51000B81CE /* Info.plist */ = {isa = PBXFileReference; lastKnownFileType = text.plist.xml; path = Info.plist; sourceTree = "<group>"; };
		556DA7BA24CDD888000B81CE /* CoinServices.swift */ = {isa = PBXFileReference; lastKnownFileType = sourcecode.swift; path = CoinServices.swift; sourceTree = "<group>"; };
		556DA7BC24CDDB29000B81CE /* CoinResponse.swift */ = {isa = PBXFileReference; lastKnownFileType = sourcecode.swift; path = CoinResponse.swift; sourceTree = "<group>"; };
		556DA7BE24CDDB5B000B81CE /* CoinData.swift */ = {isa = PBXFileReference; lastKnownFileType = sourcecode.swift; path = CoinData.swift; sourceTree = "<group>"; };
		556DA7C024CDDB74000B81CE /* Coin.swift */ = {isa = PBXFileReference; lastKnownFileType = sourcecode.swift; path = Coin.swift; sourceTree = "<group>"; };
		556DA7C224CDDD0F000B81CE /* CoinViewModel.swift */ = {isa = PBXFileReference; lastKnownFileType = sourcecode.swift; path = CoinViewModel.swift; sourceTree = "<group>"; };
		556DA7C424CDDD2A000B81CE /* CoinListViewModel.swift */ = {isa = PBXFileReference; lastKnownFileType = sourcecode.swift; path = CoinListViewModel.swift; sourceTree = "<group>"; };
		556DA7C624CDE0F0000B81CE /* Color+Extensions.swift */ = {isa = PBXFileReference; lastKnownFileType = sourcecode.swift; path = "Color+Extensions.swift"; sourceTree = "<group>"; };
		556DA7C824CDE3A2000B81CE /* Double+Extensions.swift */ = {isa = PBXFileReference; lastKnownFileType = sourcecode.swift; path = "Double+Extensions.swift"; sourceTree = "<group>"; };
		556DA7CA24CDE8D4000B81CE /* NeumorphicShadow.swift */ = {isa = PBXFileReference; lastKnownFileType = sourcecode.swift; path = NeumorphicShadow.swift; sourceTree = "<group>"; };
		556DA7CC24CDE99B000B81CE /* LineGraph.swift */ = {isa = PBXFileReference; lastKnownFileType = sourcecode.swift; path = LineGraph.swift; sourceTree = "<group>"; };
		556DA7CE24CDFD28000B81CE /* GraphView.swift */ = {isa = PBXFileReference; lastKnownFileType = sourcecode.swift; path = GraphView.swift; sourceTree = "<group>"; };
		556DA7D024CDFEA5000B81CE /* CoinCell.swift */ = {isa = PBXFileReference; lastKnownFileType = sourcecode.swift; path = CoinCell.swift; sourceTree = "<group>"; };
/* End PBXFileReference section */

/* Begin PBXFrameworksBuildPhase section */
		556DA79924CDCC4D000B81CE /* Frameworks */ = {
			isa = PBXFrameworksBuildPhase;
			buildActionMask = 2147483647;
			files = (
			);
			runOnlyForDeploymentPostprocessing = 0;
		};
/* End PBXFrameworksBuildPhase section */

/* Begin PBXGroup section */
		556DA79324CDCC4D000B81CE = {
			isa = PBXGroup;
			children = (
				556DA79E24CDCC4D000B81CE /* CoinTracker */,
				556DA79D24CDCC4D000B81CE /* Products */,
			);
			sourceTree = "<group>";
		};
		556DA79D24CDCC4D000B81CE /* Products */ = {
			isa = PBXGroup;
			children = (
				556DA79C24CDCC4D000B81CE /* CoinTracker.app */,
			);
			name = Products;
			sourceTree = "<group>";
		};
		556DA79E24CDCC4D000B81CE /* CoinTracker */ = {
			isa = PBXGroup;
			children = (
				556DA7B324CDD7D4000B81CE /* App */,
				556DA7B924CDD838000B81CE /* ViewModels */,
				556DA7B824CDD830000B81CE /* Models */,
				556DA7B724CDD820000B81CE /* Extensions */,
				556DA7B624CDD816000B81CE /* Services */,
				556DA7B524CDD80C000B81CE /* Controls */,
				556DA7B424CDD7F8000B81CE /* Views */,
				556DA7A724CDCC51000B81CE /* Preview Content */,
			);
			path = CoinTracker;
			sourceTree = "<group>";
		};
		556DA7A724CDCC51000B81CE /* Preview Content */ = {
			isa = PBXGroup;
			children = (
				556DA7A824CDCC51000B81CE /* Preview Assets.xcassets */,
			);
			path = "Preview Content";
			sourceTree = "<group>";
		};
		556DA7B324CDD7D4000B81CE /* App */ = {
			isa = PBXGroup;
			children = (
				556DA7AA24CDCC51000B81CE /* LaunchScreen.storyboard */,
				556DA7A524CDCC51000B81CE /* Assets.xcassets */,
				556DA79F24CDCC4D000B81CE /* AppDelegate.swift */,
				556DA7A124CDCC4D000B81CE /* SceneDelegate.swift */,
				556DA7AD24CDCC51000B81CE /* Info.plist */,
			);
			path = App;
			sourceTree = "<group>";
		};
		556DA7B424CDD7F8000B81CE /* Views */ = {
			isa = PBXGroup;
			children = (
				556DA7A324CDCC4D000B81CE /* ContentView.swift */,
				556DA7CE24CDFD28000B81CE /* GraphView.swift */,
				556DA7D024CDFEA5000B81CE /* CoinCell.swift */,
			);
			path = Views;
			sourceTree = "<group>";
		};
		556DA7B524CDD80C000B81CE /* Controls */ = {
			isa = PBXGroup;
			children = (
				556DA7CA24CDE8D4000B81CE /* NeumorphicShadow.swift */,
				556DA7CC24CDE99B000B81CE /* LineGraph.swift */,
			);
			path = Controls;
			sourceTree = "<group>";
		};
		556DA7B624CDD816000B81CE /* Services */ = {
			isa = PBXGroup;
			children = (
				556DA7BA24CDD888000B81CE /* CoinServices.swift */,
			);
			path = Services;
			sourceTree = "<group>";
		};
		556DA7B724CDD820000B81CE /* Extensions */ = {
			isa = PBXGroup;
			children = (
				556DA7C624CDE0F0000B81CE /* Color+Extensions.swift */,
				556DA7C824CDE3A2000B81CE /* Double+Extensions.swift */,
			);
			path = Extensions;
			sourceTree = "<group>";
		};
		556DA7B824CDD830000B81CE /* Models */ = {
			isa = PBXGroup;
			children = (
				556DA7BC24CDDB29000B81CE /* CoinResponse.swift */,
				556DA7BE24CDDB5B000B81CE /* CoinData.swift */,
				556DA7C024CDDB74000B81CE /* Coin.swift */,
			);
			path = Models;
			sourceTree = "<group>";
		};
		556DA7B924CDD838000B81CE /* ViewModels */ = {
			isa = PBXGroup;
			children = (
				556DA7C224CDDD0F000B81CE /* CoinViewModel.swift */,
				556DA7C424CDDD2A000B81CE /* CoinListViewModel.swift */,
			);
			path = ViewModels;
			sourceTree = "<group>";
		};
/* End PBXGroup section */

/* Begin PBXNativeTarget section */
		556DA79B24CDCC4D000B81CE /* CoinTracker */ = {
			isa = PBXNativeTarget;
			buildConfigurationList = 556DA7B024CDCC51000B81CE /* Build configuration list for PBXNativeTarget "CoinTracker" */;
			buildPhases = (
				556DA79824CDCC4D000B81CE /* Sources */,
				556DA79924CDCC4D000B81CE /* Frameworks */,
				556DA79A24CDCC4D000B81CE /* Resources */,
			);
			buildRules = (
			);
			dependencies = (
			);
			name = CoinTracker;
			productName = CoinTracker;
			productReference = 556DA79C24CDCC4D000B81CE /* CoinTracker.app */;
			productType = "com.apple.product-type.application";
		};
/* End PBXNativeTarget section */

/* Begin PBXProject section */
		556DA79424CDCC4D000B81CE /* Project object */ = {
			isa = PBXProject;
			attributes = {
				LastSwiftUpdateCheck = 1160;
				LastUpgradeCheck = 1160;
				ORGANIZATIONNAME = "Alex Babich";
				TargetAttributes = {
					556DA79B24CDCC4D000B81CE = {
						CreatedOnToolsVersion = 11.6;
					};
				};
			};
			buildConfigurationList = 556DA79724CDCC4D000B81CE /* Build configuration list for PBXProject "CoinTracker" */;
			compatibilityVersion = "Xcode 9.3";
			developmentRegion = en;
			hasScannedForEncodings = 0;
			knownRegions = (
				en,
				Base,
			);
			mainGroup = 556DA79324CDCC4D000B81CE;
			productRefGroup = 556DA79D24CDCC4D000B81CE /* Products */;
			projectDirPath = "";
			projectRoot = "";
			targets = (
				556DA79B24CDCC4D000B81CE /* CoinTracker */,
			);
		};
/* End PBXProject section */

/* Begin PBXResourcesBuildPhase section */
		556DA79A24CDCC4D000B81CE /* Resources */ = {
			isa = PBXResourcesBuildPhase;
			buildActionMask = 2147483647;
			files = (
				556DA7AC24CDCC51000B81CE /* LaunchScreen.storyboard in Resources */,
				556DA7A924CDCC51000B81CE /* Preview Assets.xcassets in Resources */,
				556DA7A624CDCC51000B81CE /* Assets.xcassets in Resources */,
			);
			runOnlyForDeploymentPostprocessing = 0;
		};
/* End PBXResourcesBuildPhase section */

/* Begin PBXSourcesBuildPhase section */
		556DA79824CDCC4D000B81CE /* Sources */ = {
			isa = PBXSourcesBuildPhase;
			buildActionMask = 2147483647;
			files = (
				556DA7C524CDDD2A000B81CE /* CoinListViewModel.swift in Sources */,
				556DA7D124CDFEA5000B81CE /* CoinCell.swift in Sources */,
				556DA7BF24CDDB5B000B81CE /* CoinData.swift in Sources */,
				556DA7A024CDCC4D000B81CE /* AppDelegate.swift in Sources */,
				556DA7A224CDCC4D000B81CE /* SceneDelegate.swift in Sources */,
				556DA7C324CDDD0F000B81CE /* CoinViewModel.swift in Sources */,
				556DA7CB24CDE8D4000B81CE /* NeumorphicShadow.swift in Sources */,
				556DA7C724CDE0F0000B81CE /* Color+Extensions.swift in Sources */,
				556DA7CD24CDE99B000B81CE /* LineGraph.swift in Sources */,
				556DA7BB24CDD888000B81CE /* CoinServices.swift in Sources */,
				556DA7CF24CDFD28000B81CE /* GraphView.swift in Sources */,
				556DA7A424CDCC4D000B81CE /* ContentView.swift in Sources */,
				556DA7BD24CDDB29000B81CE /* CoinResponse.swift in Sources */,
				556DA7C924CDE3A2000B81CE /* Double+Extensions.swift in Sources */,
				556DA7C124CDDB74000B81CE /* Coin.swift in Sources */,
			);
			runOnlyForDeploymentPostprocessing = 0;
		};
/* End PBXSourcesBuildPhase section */

/* Begin PBXVariantGroup section */
		556DA7AA24CDCC51000B81CE /* LaunchScreen.storyboard */ = {
			isa = PBXVariantGroup;
			children = (
				556DA7AB24CDCC51000B81CE /* Base */,
			);
			name = LaunchScreen.storyboard;
			sourceTree = "<group>";
		};
/* End PBXVariantGroup section */

/* Begin XCBuildConfiguration section */
		556DA7AE24CDCC51000B81CE /* Debug */ = {
			isa = XCBuildConfiguration;
			buildSettings = {
				ALWAYS_SEARCH_USER_PATHS = NO;
				CLANG_ANALYZER_NONNULL = YES;
				CLANG_ANALYZER_NUMBER_OBJECT_CONVERSION = YES_AGGRESSIVE;
				CLANG_CXX_LANGUAGE_STANDARD = "gnu++14";
				CLANG_CXX_LIBRARY = "libc++";
				CLANG_ENABLE_MODULES = YES;
				CLANG_ENABLE_OBJC_ARC = YES;
				CLANG_ENABLE_OBJC_WEAK = YES;
				CLANG_WARN_BLOCK_CAPTURE_AUTORELEASING = YES;
				CLANG_WARN_BOOL_CONVERSION = YES;
				CLANG_WARN_COMMA = YES;
				CLANG_WARN_CONSTANT_CONVERSION = YES;
				CLANG_WARN_DEPRECATED_OBJC_IMPLEMENTATIONS = YES;
				CLANG_WARN_DIRECT_OBJC_ISA_USAGE = YES_ERROR;
				CLANG_WARN_DOCUMENTATION_COMMENTS = YES;
				CLANG_WARN_EMPTY_BODY = YES;
				CLANG_WARN_ENUM_CONVERSION = YES;
				CLANG_WARN_INFINITE_RECURSION = YES;
				CLANG_WARN_INT_CONVERSION = YES;
				CLANG_WARN_NON_LITERAL_NULL_CONVERSION = YES;
				CLANG_WARN_OBJC_IMPLICIT_RETAIN_SELF = YES;
				CLANG_WARN_OBJC_LITERAL_CONVERSION = YES;
				CLANG_WARN_OBJC_ROOT_CLASS = YES_ERROR;
				CLANG_WARN_RANGE_LOOP_ANALYSIS = YES;
				CLANG_WARN_STRICT_PROTOTYPES = YES;
				CLANG_WARN_SUSPICIOUS_MOVE = YES;
				CLANG_WARN_UNGUARDED_AVAILABILITY = YES_AGGRESSIVE;
				CLANG_WARN_UNREACHABLE_CODE = YES;
				CLANG_WARN__DUPLICATE_METHOD_MATCH = YES;
				COPY_PHASE_STRIP = NO;
				DEBUG_INFORMATION_FORMAT = dwarf;
				ENABLE_STRICT_OBJC_MSGSEND = YES;
				ENABLE_TESTABILITY = YES;
				GCC_C_LANGUAGE_STANDARD = gnu11;
				GCC_DYNAMIC_NO_PIC = NO;
				GCC_NO_COMMON_BLOCKS = YES;
				GCC_OPTIMIZATION_LEVEL = 0;
				GCC_PREPROCESSOR_DEFINITIONS = (
					"DEBUG=1",
					"$(inherited)",
				);
				GCC_WARN_64_TO_32_BIT_CONVERSION = YES;
				GCC_WARN_ABOUT_RETURN_TYPE = YES_ERROR;
				GCC_WARN_UNDECLARED_SELECTOR = YES;
				GCC_WARN_UNINITIALIZED_AUTOS = YES_AGGRESSIVE;
				GCC_WARN_UNUSED_FUNCTION = YES;
				GCC_WARN_UNUSED_VARIABLE = YES;
				IPHONEOS_DEPLOYMENT_TARGET = 13.6;
				MTL_ENABLE_DEBUG_INFO = INCLUDE_SOURCE;
				MTL_FAST_MATH = YES;
				ONLY_ACTIVE_ARCH = YES;
				SDKROOT = iphoneos;
				SWIFT_ACTIVE_COMPILATION_CONDITIONS = DEBUG;
				SWIFT_OPTIMIZATION_LEVEL = "-Onone";
			};
			name = Debug;
		};
		556DA7AF24CDCC51000B81CE /* Release */ = {
			isa = XCBuildConfiguration;
			buildSettings = {
				ALWAYS_SEARCH_USER_PATHS = NO;
				CLANG_ANALYZER_NONNULL = YES;
				CLANG_ANALYZER_NUMBER_OBJECT_CONVERSION = YES_AGGRESSIVE;
				CLANG_CXX_LANGUAGE_STANDARD = "gnu++14";
				CLANG_CXX_LIBRARY = "libc++";
				CLANG_ENABLE_MODULES = YES;
				CLANG_ENABLE_OBJC_ARC = YES;
				CLANG_ENABLE_OBJC_WEAK = YES;
				CLANG_WARN_BLOCK_CAPTURE_AUTORELEASING = YES;
				CLANG_WARN_BOOL_CONVERSION = YES;
				CLANG_WARN_COMMA = YES;
				CLANG_WARN_CONSTANT_CONVERSION = YES;
				CLANG_WARN_DEPRECATED_OBJC_IMPLEMENTATIONS = YES;
				CLANG_WARN_DIRECT_OBJC_ISA_USAGE = YES_ERROR;
				CLANG_WARN_DOCUMENTATION_COMMENTS = YES;
				CLANG_WARN_EMPTY_BODY = YES;
				CLANG_WARN_ENUM_CONVERSION = YES;
				CLANG_WARN_INFINITE_RECURSION = YES;
				CLANG_WARN_INT_CONVERSION = YES;
				CLANG_WARN_NON_LITERAL_NULL_CONVERSION = YES;
				CLANG_WARN_OBJC_IMPLICIT_RETAIN_SELF = YES;
				CLANG_WARN_OBJC_LITERAL_CONVERSION = YES;
				CLANG_WARN_OBJC_ROOT_CLASS = YES_ERROR;
				CLANG_WARN_RANGE_LOOP_ANALYSIS = YES;
				CLANG_WARN_STRICT_PROTOTYPES = YES;
				CLANG_WARN_SUSPICIOUS_MOVE = YES;
				CLANG_WARN_UNGUARDED_AVAILABILITY = YES_AGGRESSIVE;
				CLANG_WARN_UNREACHABLE_CODE = YES;
				CLANG_WARN__DUPLICATE_METHOD_MATCH = YES;
				COPY_PHASE_STRIP = NO;
				DEBUG_INFORMATION_FORMAT = "dwarf-with-dsym";
				ENABLE_NS_ASSERTIONS = NO;
				ENABLE_STRICT_OBJC_MSGSEND = YES;
				GCC_C_LANGUAGE_STANDARD = gnu11;
				GCC_NO_COMMON_BLOCKS = YES;
				GCC_WARN_64_TO_32_BIT_CONVERSION = YES;
				GCC_WARN_ABOUT_RETURN_TYPE = YES_ERROR;
				GCC_WARN_UNDECLARED_SELECTOR = YES;
				GCC_WARN_UNINITIALIZED_AUTOS = YES_AGGRESSIVE;
				GCC_WARN_UNUSED_FUNCTION = YES;
				GCC_WARN_UNUSED_VARIABLE = YES;
				IPHONEOS_DEPLOYMENT_TARGET = 13.6;
				MTL_ENABLE_DEBUG_INFO = NO;
				MTL_FAST_MATH = YES;
				SDKROOT = iphoneos;
				SWIFT_COMPILATION_MODE = wholemodule;
				SWIFT_OPTIMIZATION_LEVEL = "-O";
				VALIDATE_PRODUCT = YES;
			};
			name = Release;
		};
		556DA7B124CDCC51000B81CE /* Debug */ = {
			isa = XCBuildConfiguration;
			buildSettings = {
				ASSETCATALOG_COMPILER_APPICON_NAME = AppIcon;
				CODE_SIGN_STYLE = Automatic;
				DEVELOPMENT_ASSET_PATHS = "\"CoinTracker/Preview Content\"";
				ENABLE_PREVIEWS = YES;
				INFOPLIST_FILE = "$(SRCROOT)/CoinTracker/App/Info.plist";
				LD_RUNPATH_SEARCH_PATHS = (
					"$(inherited)",
					"@executable_path/Frameworks",
				);
				PRODUCT_BUNDLE_IDENTIFIER = tardis.company.CoinTracker;
				PRODUCT_NAME = "$(TARGET_NAME)";
				SWIFT_VERSION = 5.0;
				TARGETED_DEVICE_FAMILY = "1,2";
			};
			name = Debug;
		};
		556DA7B224CDCC51000B81CE /* Release */ = {
			isa = XCBuildConfiguration;
			buildSettings = {
				ASSETCATALOG_COMPILER_APPICON_NAME = AppIcon;
				CODE_SIGN_STYLE = Automatic;
				DEVELOPMENT_ASSET_PATHS = "\"CoinTracker/Preview Content\"";
				ENABLE_PREVIEWS = YES;
				INFOPLIST_FILE = "$(SRCROOT)/CoinTracker/App/Info.plist";
				LD_RUNPATH_SEARCH_PATHS = (
					"$(inherited)",
					"@executable_path/Frameworks",
				);
				PRODUCT_BUNDLE_IDENTIFIER = tardis.company.CoinTracker;
				PRODUCT_NAME = "$(TARGET_NAME)";
				SWIFT_VERSION = 5.0;
				TARGETED_DEVICE_FAMILY = "1,2";
			};
			name = Release;
		};
/* End XCBuildConfiguration section */

/* Begin XCConfigurationList section */
		556DA79724CDCC4D000B81CE /* Build configuration list for PBXProject "CoinTracker" */ = {
			isa = XCConfigurationList;
			buildConfigurations = (
				556DA7AE24CDCC51000B81CE /* Debug */,
				556DA7AF24CDCC51000B81CE /* Release */,
			);
			defaultConfigurationIsVisible = 0;
			defaultConfigurationName = Release;
		};
		556DA7B024CDCC51000B81CE /* Build configuration list for PBXNativeTarget "CoinTracker" */ = {
			isa = XCConfigurationList;
			buildConfigurations = (
				556DA7B124CDCC51000B81CE /* Debug */,
				556DA7B224CDCC51000B81CE /* Release */,
			);
			defaultConfigurationIsVisible = 0;
			defaultConfigurationName = Release;
		};
/* End XCConfigurationList section */
	};
	rootObject = 556DA79424CDCC4D000B81CE /* Project object */;
}
